{
  "name": "@wcfactory/cli",
  "version": "0.13.1",
  "lockfileVersion": 1,
  "requires": true,
  "dependencies": {
    "@oclif/config": {
      "version": "1.13.3",
      "requires": {
        "tslib": "^1.9.3"
      }
    },
    "ansi-regex": {
      "version": "5.0.0"
    },
    "array-union": {
      "version": "2.1.0",
      "dev": true
    },
    "cli-cursor": {
      "version": "3.1.0",
      "requires": {
        "restore-cursor": "^3.1.0"
      }
    },
    "emoji-regex": {
      "version": "8.0.0"
    },
    "fast-glob": {
      "version": "3.1.1",
      "dev": true,
      "requires": {
        "micromatch": "^4.0.2"
      }
    },
    "globby": {
      "version": "10.0.2",
      "dev": true,
      "requires": {
        "array-union": "^2.1.0",
        "fast-glob": "^3.0.3",
        "ignore": "^5.1.1",
        "slash": "^3.0.0"
      }
    },
    "ignore": {
      "version": "5.1.4",
      "dev": true
    },
    "inquirer": {
      "version": "7.1.0",
      "requires": {
        "ansi-escapes": "^4.2.1",
        "chalk": "^3.0.0",
        "cli-cursor": "^3.1.0",
        "figures": "^3.0.0",
        "run-async": "^2.4.0",
        "rxjs": "^6.5.3",
        "string-width": "^4.1.0",
        "strip-ansi": "^6.0.0"
      },
      "dependencies": {
        "ansi-escapes": {
          "version": "4.3.1",
          "requires": {
            "type-fest": "^0.11.0"
          }
        },
        "chalk": {
          "version": "3.0.0"
        },
        "figures": {
          "version": "3.2.0"
        }
      }
    },
    "inquirer-autocomplete-prompt": {
      "version": "1.0.2",
      "requires": {
        "run-async": "^2.3.0"
      }
    },
    "is-fullwidth-code-point": {
      "version": "3.0.0"
    },
    "micromatch": {
      "version": "4.0.2",
      "dev": true,
      "requires": {
        "picomatch": "^2.0.5"
      }
    },
    "picomatch": {
      "version": "2.1.1",
      "dev": true
    },
    "restore-cursor": {
      "version": "3.1.0"
    },
    "run-async": {
      "version": "2.4.0"
    },
    "rxjs": {
      "version": "6.5.5",
      "requires": {
        "tslib": "^1.9.0"
      }
    },
    "slash": {
      "version": "3.0.0",
      "dev": true
    },
    "source-map": {
      "version": "0.7.3"
    },
    "string-width": {
      "version": "4.2.0",
      "requires": {
        "emoji-regex": "^8.0.0",
        "is-fullwidth-code-point": "^3.0.0",
        "strip-ansi": "^6.0.0"
      }
    },
    "strip-ansi": {
      "version": "6.0.0",
      "requires": {
        "ansi-regex": "^5.0.0"
      }
    },
    "terser": {
      "version": "5.3.5",
      "requires": {
        "source-map": "~0.7.2"
      }
    },
    "tslib": {
      "version": "1.10.0"
    },
    "type-fest": {
      "version": "0.11.0"
    }
  }
}
