{
  "name": "@wcfactory/cli",
  "version": "0.8.7",
  "lockfileVersion": 1,
  "requires": true,
  "dependencies": {
    "@types/glob": {
      "version": "7.1.1",
      "dev": true
    },
    "ansi-regex": {
      "version": "5.0.0"
    },
    "array-union": {
      "version": "2.1.0",
      "dev": true
    },
    "braces": {
      "version": "3.0.2",
      "dev": true,
      "requires": {
        "fill-range": "^7.0.1"
      }
    },
    "cli-cursor": {
      "version": "3.1.0",
      "requires": {
        "restore-cursor": "^3.1.0"
      }
    },
    "dir-glob": {
      "version": "3.0.1",
      "dev": true,
      "requires": {
        "path-type": "^4.0.0"
      }
    },
    "emoji-regex": {
      "version": "8.0.0"
    },
    "fast-glob": {
      "version": "3.1.1",
      "dev": true,
      "requires": {
        "micromatch": "^4.0.2"
      }
    },
    "fill-range": {
      "version": "7.0.1",
      "dev": true,
      "requires": {
        "to-regex-range": "^5.0.1"
      }
    },
    "globby": {
      "version": "10.0.1",
      "dev": true,
      "requires": {
        "@types/glob": "^7.1.1",
        "array-union": "^2.1.0",
        "dir-glob": "^3.0.1",
        "fast-glob": "^3.0.3",
        "ignore": "^5.1.1",
        "slash": "^3.0.0"
      }
    },
    "ignore": {
      "version": "5.1.4",
      "dev": true
    },
    "inquirer": {
      "version": "7.0.1",
      "requires": {
        "ansi-escapes": "^4.2.1",
        "cli-cursor": "^3.1.0",
        "figures": "^3.0.0",
        "string-width": "^4.1.0"
      },
      "dependencies": {
        "ansi-escapes": {
          "version": "4.3.0",
          "requires": {
            "type-fest": "^0.8.1"
          }
        },
        "figures": {
          "version": "3.1.0"
        }
      }
    },
    "inquirer-autocomplete-prompt": {
      "version": "1.0.1"
    },
    "is-fullwidth-code-point": {
      "version": "3.0.0"
    },
    "is-number": {
      "version": "7.0.0",
      "dev": true
    },
    "micromatch": {
      "version": "4.0.2",
      "dev": true,
      "requires": {
        "braces": "^3.0.1"
      }
    },
    "path-type": {
      "version": "4.0.0",
      "dev": true
    },
    "restore-cursor": {
      "version": "3.1.0"
    },
    "slash": {
      "version": "3.0.0",
      "dev": true
    },
    "string-width": {
      "version": "4.2.0",
      "requires": {
        "emoji-regex": "^8.0.0",
        "is-fullwidth-code-point": "^3.0.0",
        "strip-ansi": "^6.0.0"
      },
      "dependencies": {
        "strip-ansi": {
          "version": "6.0.0",
          "requires": {
            "ansi-regex": "^5.0.0"
          }
        }
      }
    },
    "to-regex-range": {
      "version": "5.0.1",
      "dev": true,
      "requires": {
        "is-number": "^7.0.0"
      }
    },
    "type-fest": {
      "version": "0.8.1"
    }
  }
}
